
Microsoft Visual Studio Solution File, Format Version 12.00
# Visual Studio Version 16
VisualStudioVersion = 16.0.29926.136
MinimumVisualStudioVersion = 10.0.40219.1
Project("{FAE04EC0-301F-11D3-BF4B-00C04F79EFBC}") = "FeatureFlagFramework.Example", "FeatureFlagFramework.Example\FeatureFlagFramework.Example.csproj", "{093DEB64-0DA7-4751-AF43-08529BFDC3FE}"
EndProject
Project("{FAE04EC0-301F-11D3-BF4B-00C04F79EFBC}") = "FeatureFlagFramework.Tests", "FeatureFlagFramework.Tests\FeatureFlagFramework.Tests.csproj", "{941DCBCD-A7C7-4DE2-AC56-10EA84A5CB50}"
EndProject
Project("{9A19103F-16F7-4668-BE54-9A1E7A4F7556}") = "FeatureFlagFramework.Example.Aspnetcore", "FeatureFlagFramework.Example.Aspnetcore\FeatureFlagFramework.Example.Aspnetcore.csproj", "{C2AB2778-FF41-4905-AE1D-E1987EFAFB75}"
EndProject
Project("{9A19103F-16F7-4668-BE54-9A1E7A4F7556}") = "FeatureFlagFramework.Clients.LaunchDarkly", "FeatureFlagFramework.Clients.LaunchDarklyStandard\FeatureFlagFramework.Clients.LaunchDarkly.csproj", "{CD66E6F1-98E7-4974-9D93-380B4DABBCA5}"
EndProject
Project("{9A19103F-16F7-4668-BE54-9A1E7A4F7556}") = "FeatureFlagFramework.Core", "FeatureFlagFramework.CoreStandard\FeatureFlagFramework.Core.csproj", "{C7D098DD-CE2D-4F4F-983D-DADDA3A15133}"
EndProject
Project("{9A19103F-16F7-4668-BE54-9A1E7A4F7556}") = "FeatureFlagFramework", "FeatureFlagFrameworkStandard\FeatureFlagFramework.csproj", "{2DAA2D23-5152-4F77-82CB-23CF1EDADB17}"
EndProject
Project("{9A19103F-16F7-4668-BE54-9A1E7A4F7556}") = "FeatureFlagFramework.Clients.Featureflow", "FeatureFlagFramework.Clients.FeatureflowStandard\FeatureFlagFramework.Clients.Featureflow.csproj", "{6278957B-FAA3-4468-8ED2-8B809DF9EAD4}"
EndProject
Global
	GlobalSection(SolutionConfigurationPlatforms) = preSolution
		Debug|Any CPU = Debug|Any CPU
		Release|Any CPU = Release|Any CPU
	EndGlobalSection
	GlobalSection(ProjectConfigurationPlatforms) = postSolution
		{093DEB64-0DA7-4751-AF43-08529BFDC3FE}.Debug|Any CPU.ActiveCfg = Debug|Any CPU
		{093DEB64-0DA7-4751-AF43-08529BFDC3FE}.Debug|Any CPU.Build.0 = Debug|Any CPU
		{093DEB64-0DA7-4751-AF43-08529BFDC3FE}.Release|Any CPU.ActiveCfg = Release|Any CPU
		{093DEB64-0DA7-4751-AF43-08529BFDC3FE}.Release|Any CPU.Build.0 = Release|Any CPU
		{941DCBCD-A7C7-4DE2-AC56-10EA84A5CB50}.Debug|Any CPU.ActiveCfg = Debug|Any CPU
		{941DCBCD-A7C7-4DE2-AC56-10EA84A5CB50}.Debug|Any CPU.Build.0 = Debug|Any CPU
		{941DCBCD-A7C7-4DE2-AC56-10EA84A5CB50}.Release|Any CPU.ActiveCfg = Release|Any CPU
		{941DCBCD-A7C7-4DE2-AC56-10EA84A5CB50}.Release|Any CPU.Build.0 = Release|Any CPU
		{C2AB2778-FF41-4905-AE1D-E1987EFAFB75}.Debug|Any CPU.ActiveCfg = Debug|Any CPU
		{C2AB2778-FF41-4905-AE1D-E1987EFAFB75}.Debug|Any CPU.Build.0 = Debug|Any CPU
		{C2AB2778-FF41-4905-AE1D-E1987EFAFB75}.Release|Any CPU.ActiveCfg = Release|Any CPU
		{C2AB2778-FF41-4905-AE1D-E1987EFAFB75}.Release|Any CPU.Build.0 = Release|Any CPU
		{CD66E6F1-98E7-4974-9D93-380B4DABBCA5}.Debug|Any CPU.ActiveCfg = Debug|Any CPU
		{CD66E6F1-98E7-4974-9D93-380B4DABBCA5}.Debug|Any CPU.Build.0 = Debug|Any CPU
		{CD66E6F1-98E7-4974-9D93-380B4DABBCA5}.Release|Any CPU.ActiveCfg = Release|Any CPU
		{CD66E6F1-98E7-4974-9D93-380B4DABBCA5}.Release|Any CPU.Build.0 = Release|Any CPU
		{C7D098DD-CE2D-4F4F-983D-DADDA3A15133}.Debug|Any CPU.ActiveCfg = Debug|Any CPU
		{C7D098DD-CE2D-4F4F-983D-DADDA3A15133}.Debug|Any CPU.Build.0 = Debug|Any CPU
		{C7D098DD-CE2D-4F4F-983D-DADDA3A15133}.Release|Any CPU.ActiveCfg = Release|Any CPU
		{C7D098DD-CE2D-4F4F-983D-DADDA3A15133}.Release|Any CPU.Build.0 = Release|Any CPU
		{2DAA2D23-5152-4F77-82CB-23CF1EDADB17}.Debug|Any CPU.ActiveCfg = Debug|Any CPU
		{2DAA2D23-5152-4F77-82CB-23CF1EDADB17}.Debug|Any CPU.Build.0 = Debug|Any CPU
		{2DAA2D23-5152-4F77-82CB-23CF1EDADB17}.Release|Any CPU.ActiveCfg = Release|Any CPU
		{2DAA2D23-5152-4F77-82CB-23CF1EDADB17}.Release|Any CPU.Build.0 = Release|Any CPU
		{6278957B-FAA3-4468-8ED2-8B809DF9EAD4}.Debug|Any CPU.ActiveCfg = Debug|Any CPU
		{6278957B-FAA3-4468-8ED2-8B809DF9EAD4}.Debug|Any CPU.Build.0 = Debug|Any CPU
		{6278957B-FAA3-4468-8ED2-8B809DF9EAD4}.Release|Any CPU.ActiveCfg = Release|Any CPU
		{6278957B-FAA3-4468-8ED2-8B809DF9EAD4}.Release|Any CPU.Build.0 = Release|Any CPU
	EndGlobalSection
	GlobalSection(SolutionProperties) = preSolution
		HideSolutionNode = FALSE
	EndGlobalSection
	GlobalSection(ExtensibilityGlobals) = postSolution
		SolutionGuid = {F1FED224-EDD3-47E5-9248-EF95273FB26C}
	EndGlobalSection
EndGlobal
